// !$*UTF8*$!
{
	archiveVersion = 1;
	classes = {
	};
	objectVersion = 46;
	objects = {

/* Begin PBXBuildFile section */
		2777F83153D24018EBEA8025 /* Pods_sample_hike_native_ad.framework in Frameworks */ = {isa = PBXBuildFile; fileRef = 169284586B91B338EB79E0AC /* Pods_sample_hike_native_ad.framework */; };
		554AE9791B0B7EDA74BDF22A /* Pods_sample_hike_native_adUITests.framework in Frameworks */ = {isa = PBXBuildFile; fileRef = FB040A9EF5FC994E2B781EEE /* Pods_sample_hike_native_adUITests.framework */; };
		CA86A4EB829CA6612C4DD683 /* Pods_sample_hike_native_adTests.framework in Frameworks */ = {isa = PBXBuildFile; fileRef = D6E4EB8C7F6EC65EBB348CBE /* Pods_sample_hike_native_adTests.framework */; };
		E94382C31EEFFDE200606A99 /* AppDelegate.swift in Sources */ = {isa = PBXBuildFile; fileRef = E94382C21EEFFDE200606A99 /* AppDelegate.swift */; };
		E94382C51EEFFDE200606A99 /* ViewController.swift in Sources */ = {isa = PBXBuildFile; fileRef = E94382C41EEFFDE200606A99 /* ViewController.swift */; };
		E94382C81EEFFDE200606A99 /* Main.storyboard in Resources */ = {isa = PBXBuildFile; fileRef = E94382C61EEFFDE200606A99 /* Main.storyboard */; };
		E94382CA1EEFFDE200606A99 /* Assets.xcassets in Resources */ = {isa = PBXBuildFile; fileRef = E94382C91EEFFDE200606A99 /* Assets.xcassets */; };
		E94382CD1EEFFDE200606A99 /* LaunchScreen.storyboard in Resources */ = {isa = PBXBuildFile; fileRef = E94382CB1EEFFDE200606A99 /* LaunchScreen.storyboard */; };
		E94382D81EEFFDE200606A99 /* sample_hike_native_adTests.swift in Sources */ = {isa = PBXBuildFile; fileRef = E94382D71EEFFDE200606A99 /* sample_hike_native_adTests.swift */; };
		E94382E31EEFFDE200606A99 /* sample_hike_native_adUITests.swift in Sources */ = {isa = PBXBuildFile; fileRef = E94382E21EEFFDE200606A99 /* sample_hike_native_adUITests.swift */; };
/* End PBXBuildFile section */

/* Begin PBXContainerItemProxy section */
		E94382D41EEFFDE200606A99 /* PBXContainerItemProxy */ = {
			isa = PBXContainerItemProxy;
			containerPortal = E94382B71EEFFDE200606A99 /* Project object */;
			proxyType = 1;
			remoteGlobalIDString = E94382BE1EEFFDE200606A99;
			remoteInfo = "sample-hike-native-ad";
		};
		E94382DF1EEFFDE200606A99 /* PBXContainerItemProxy */ = {
			isa = PBXContainerItemProxy;
			containerPortal = E94382B71EEFFDE200606A99 /* Project object */;
			proxyType = 1;
			remoteGlobalIDString = E94382BE1EEFFDE200606A99;
			remoteInfo = "sample-hike-native-ad";
		};
/* End PBXContainerItemProxy section */

/* Begin PBXFileReference section */
		06057D82803F6631F0B2A45E /* Pods-sample-hike-native-adUITests.release.xcconfig */ = {isa = PBXFileReference; includeInIndex = 1; lastKnownFileType = text.xcconfig; name = "Pods-sample-hike-native-adUITests.release.xcconfig"; path = "Pods/Target Support Files/Pods-sample-hike-native-adUITests/Pods-sample-hike-native-adUITests.release.xcconfig"; sourceTree = "<group>"; };
		169284586B91B338EB79E0AC /* Pods_sample_hike_native_ad.framework */ = {isa = PBXFileReference; explicitFileType = wrapper.framework; includeInIndex = 0; path = Pods_sample_hike_native_ad.framework; sourceTree = BUILT_PRODUCTS_DIR; };
		3416B5F2FE6529465DDBAC91 /* Pods-sample-hike-native-ad.debug.xcconfig */ = {isa = PBXFileReference; includeInIndex = 1; lastKnownFileType = text.xcconfig; name = "Pods-sample-hike-native-ad.debug.xcconfig"; path = "Pods/Target Support Files/Pods-sample-hike-native-ad/Pods-sample-hike-native-ad.debug.xcconfig"; sourceTree = "<group>"; };
		586400478D9471C78890C4A1 /* Pods-sample-hike-native-adUITests.debug.xcconfig */ = {isa = PBXFileReference; includeInIndex = 1; lastKnownFileType = text.xcconfig; name = "Pods-sample-hike-native-adUITests.debug.xcconfig"; path = "Pods/Target Support Files/Pods-sample-hike-native-adUITests/Pods-sample-hike-native-adUITests.debug.xcconfig"; sourceTree = "<group>"; };
		6E5BA2D32E76731442BDE074 /* Pods-sample-hike-native-ad.release.xcconfig */ = {isa = PBXFileReference; includeInIndex = 1; lastKnownFileType = text.xcconfig; name = "Pods-sample-hike-native-ad.release.xcconfig"; path = "Pods/Target Support Files/Pods-sample-hike-native-ad/Pods-sample-hike-native-ad.release.xcconfig"; sourceTree = "<group>"; };
		7F359F033ED9A5EC87C1ACFD /* Pods-sample-hike-native-adTests.debug.xcconfig */ = {isa = PBXFileReference; includeInIndex = 1; lastKnownFileType = text.xcconfig; name = "Pods-sample-hike-native-adTests.debug.xcconfig"; path = "Pods/Target Support Files/Pods-sample-hike-native-adTests/Pods-sample-hike-native-adTests.debug.xcconfig"; sourceTree = "<group>"; };
		BEFDC7A605863D7DBF90F604 /* Pods-sample-hike-native-adTests.release.xcconfig */ = {isa = PBXFileReference; includeInIndex = 1; lastKnownFileType = text.xcconfig; name = "Pods-sample-hike-native-adTests.release.xcconfig"; path = "Pods/Target Support Files/Pods-sample-hike-native-adTests/Pods-sample-hike-native-adTests.release.xcconfig"; sourceTree = "<group>"; };
		D6E4EB8C7F6EC65EBB348CBE /* Pods_sample_hike_native_adTests.framework */ = {isa = PBXFileReference; explicitFileType = wrapper.framework; includeInIndex = 0; path = Pods_sample_hike_native_adTests.framework; sourceTree = BUILT_PRODUCTS_DIR; };
		E94382BF1EEFFDE200606A99 /* sample-hike-native-ad.app */ = {isa = PBXFileReference; explicitFileType = wrapper.application; includeInIndex = 0; path = "sample-hike-native-ad.app"; sourceTree = BUILT_PRODUCTS_DIR; };
		E94382C21EEFFDE200606A99 /* AppDelegate.swift */ = {isa = PBXFileReference; lastKnownFileType = sourcecode.swift; path = AppDelegate.swift; sourceTree = "<group>"; };
		E94382C41EEFFDE200606A99 /* ViewController.swift */ = {isa = PBXFileReference; lastKnownFileType = sourcecode.swift; path = ViewController.swift; sourceTree = "<group>"; };
		E94382C71EEFFDE200606A99 /* Base */ = {isa = PBXFileReference; lastKnownFileType = file.storyboard; name = Base; path = Base.lproj/Main.storyboard; sourceTree = "<group>"; };
		E94382C91EEFFDE200606A99 /* Assets.xcassets */ = {isa = PBXFileReference; lastKnownFileType = folder.assetcatalog; path = Assets.xcassets; sourceTree = "<group>"; };
		E94382CC1EEFFDE200606A99 /* Base */ = {isa = PBXFileReference; lastKnownFileType = file.storyboard; name = Base; path = Base.lproj/LaunchScreen.storyboard; sourceTree = "<group>"; };
		E94382CE1EEFFDE200606A99 /* Info.plist */ = {isa = PBXFileReference; lastKnownFileType = text.plist.xml; path = Info.plist; sourceTree = "<group>"; };
		E94382D31EEFFDE200606A99 /* sample-hike-native-adTests.xctest */ = {isa = PBXFileReference; explicitFileType = wrapper.cfbundle; includeInIndex = 0; path = "sample-hike-native-adTests.xctest"; sourceTree = BUILT_PRODUCTS_DIR; };
		E94382D71EEFFDE200606A99 /* sample_hike_native_adTests.swift */ = {isa = PBXFileReference; lastKnownFileType = sourcecode.swift; path = sample_hike_native_adTests.swift; sourceTree = "<group>"; };
		E94382D91EEFFDE200606A99 /* Info.plist */ = {isa = PBXFileReference; lastKnownFileType = text.plist.xml; path = Info.plist; sourceTree = "<group>"; };
		E94382DE1EEFFDE200606A99 /* sample-hike-native-adUITests.xctest */ = {isa = PBXFileReference; explicitFileType = wrapper.cfbundle; includeInIndex = 0; path = "sample-hike-native-adUITests.xctest"; sourceTree = BUILT_PRODUCTS_DIR; };
		E94382E21EEFFDE200606A99 /* sample_hike_native_adUITests.swift */ = {isa = PBXFileReference; lastKnownFileType = sourcecode.swift; path = sample_hike_native_adUITests.swift; sourceTree = "<group>"; };
		E94382E41EEFFDE200606A99 /* Info.plist */ = {isa = PBXFileReference; lastKnownFileType = text.plist.xml; path = Info.plist; sourceTree = "<group>"; };
		E94382F01EEFFE9900606A99 /* Bridging-Header.h */ = {isa = PBXFileReference; lastKnownFileType = sourcecode.c.h; name = "Bridging-Header.h"; path = "../Bridging-Header.h"; sourceTree = "<group>"; };
		FB040A9EF5FC994E2B781EEE /* Pods_sample_hike_native_adUITests.framework */ = {isa = PBXFileReference; explicitFileType = wrapper.framework; includeInIndex = 0; path = Pods_sample_hike_native_adUITests.framework; sourceTree = BUILT_PRODUCTS_DIR; };
/* End PBXFileReference section */

/* Begin PBXFrameworksBuildPhase section */
		E94382BC1EEFFDE200606A99 /* Frameworks */ = {
			isa = PBXFrameworksBuildPhase;
			buildActionMask = 2147483647;
			files = (
				2777F83153D24018EBEA8025 /* Pods_sample_hike_native_ad.framework in Frameworks */,
			);
			runOnlyForDeploymentPostprocessing = 0;
		};
		E94382D01EEFFDE200606A99 /* Frameworks */ = {
			isa = PBXFrameworksBuildPhase;
			buildActionMask = 2147483647;
			files = (
				CA86A4EB829CA6612C4DD683 /* Pods_sample_hike_native_adTests.framework in Frameworks */,
			);
			runOnlyForDeploymentPostprocessing = 0;
		};
		E94382DB1EEFFDE200606A99 /* Frameworks */ = {
			isa = PBXFrameworksBuildPhase;
			buildActionMask = 2147483647;
			files = (
				554AE9791B0B7EDA74BDF22A /* Pods_sample_hike_native_adUITests.framework in Frameworks */,
			);
			runOnlyForDeploymentPostprocessing = 0;
		};
/* End PBXFrameworksBuildPhase section */

/* Begin PBXGroup section */
		3E841E5B63A2D284C392CC90 /* Frameworks */ = {
			isa = PBXGroup;
			children = (
				169284586B91B338EB79E0AC /* Pods_sample_hike_native_ad.framework */,
				D6E4EB8C7F6EC65EBB348CBE /* Pods_sample_hike_native_adTests.framework */,
				FB040A9EF5FC994E2B781EEE /* Pods_sample_hike_native_adUITests.framework */,
			);
			name = Frameworks;
			sourceTree = "<group>";
		};
		DD9860126A2CE4B284796633 /* Pods */ = {
			isa = PBXGroup;
			children = (
				3416B5F2FE6529465DDBAC91 /* Pods-sample-hike-native-ad.debug.xcconfig */,
				6E5BA2D32E76731442BDE074 /* Pods-sample-hike-native-ad.release.xcconfig */,
				7F359F033ED9A5EC87C1ACFD /* Pods-sample-hike-native-adTests.debug.xcconfig */,
				BEFDC7A605863D7DBF90F604 /* Pods-sample-hike-native-adTests.release.xcconfig */,
				586400478D9471C78890C4A1 /* Pods-sample-hike-native-adUITests.debug.xcconfig */,
				06057D82803F6631F0B2A45E /* Pods-sample-hike-native-adUITests.release.xcconfig */,
			);
			name = Pods;
			sourceTree = "<group>";
		};
		E94382B61EEFFDE200606A99 = {
			isa = PBXGroup;
			children = (
				E94382C11EEFFDE200606A99 /* sample-hike-native-ad */,
				E94382D61EEFFDE200606A99 /* sample-hike-native-adTests */,
				E94382E11EEFFDE200606A99 /* sample-hike-native-adUITests */,
				E94382C01EEFFDE200606A99 /* Products */,
				DD9860126A2CE4B284796633 /* Pods */,
				3E841E5B63A2D284C392CC90 /* Frameworks */,
			);
			sourceTree = "<group>";
		};
		E94382C01EEFFDE200606A99 /* Products */ = {
			isa = PBXGroup;
			children = (
				E94382BF1EEFFDE200606A99 /* sample-hike-native-ad.app */,
				E94382D31EEFFDE200606A99 /* sample-hike-native-adTests.xctest */,
				E94382DE1EEFFDE200606A99 /* sample-hike-native-adUITests.xctest */,
			);
			name = Products;
			sourceTree = "<group>";
		};
		E94382C11EEFFDE200606A99 /* sample-hike-native-ad */ = {
			isa = PBXGroup;
			children = (
				E94382C21EEFFDE200606A99 /* AppDelegate.swift */,
				E94382C41EEFFDE200606A99 /* ViewController.swift */,
				E94382C61EEFFDE200606A99 /* Main.storyboard */,
				E94382C91EEFFDE200606A99 /* Assets.xcassets */,
				E94382CB1EEFFDE200606A99 /* LaunchScreen.storyboard */,
				E94382CE1EEFFDE200606A99 /* Info.plist */,
				E94382F01EEFFE9900606A99 /* Bridging-Header.h */,
			);
			path = "sample-hike-native-ad";
			sourceTree = "<group>";
		};
		E94382D61EEFFDE200606A99 /* sample-hike-native-adTests */ = {
			isa = PBXGroup;
			children = (
				E94382D71EEFFDE200606A99 /* sample_hike_native_adTests.swift */,
				E94382D91EEFFDE200606A99 /* Info.plist */,
			);
			path = "sample-hike-native-adTests";
			sourceTree = "<group>";
		};
		E94382E11EEFFDE200606A99 /* sample-hike-native-adUITests */ = {
			isa = PBXGroup;
			children = (
				E94382E21EEFFDE200606A99 /* sample_hike_native_adUITests.swift */,
				E94382E41EEFFDE200606A99 /* Info.plist */,
			);
			path = "sample-hike-native-adUITests";
			sourceTree = "<group>";
		};
/* End PBXGroup section */

/* Begin PBXNativeTarget section */
		E94382BE1EEFFDE200606A99 /* sample-hike-native-ad */ = {
			isa = PBXNativeTarget;
			buildConfigurationList = E94382E71EEFFDE200606A99 /* Build configuration list for PBXNativeTarget "sample-hike-native-ad" */;
			buildPhases = (
				C54F4DAB49E3C22A40F95A3F /* [CP] Check Pods Manifest.lock */,
				E94382BB1EEFFDE200606A99 /* Sources */,
				E94382BC1EEFFDE200606A99 /* Frameworks */,
				E94382BD1EEFFDE200606A99 /* Resources */,
				E40F561D0D4E9C550F2C12C9 /* [CP] Embed Pods Frameworks */,
				AD441AF5B76195AFEA4A2275 /* [CP] Copy Pods Resources */,
			);
			buildRules = (
			);
			dependencies = (
			);
			name = "sample-hike-native-ad";
			productName = "sample-hike-native-ad";
			productReference = E94382BF1EEFFDE200606A99 /* sample-hike-native-ad.app */;
			productType = "com.apple.product-type.application";
		};
		E94382D21EEFFDE200606A99 /* sample-hike-native-adTests */ = {
			isa = PBXNativeTarget;
			buildConfigurationList = E94382EA1EEFFDE200606A99 /* Build configuration list for PBXNativeTarget "sample-hike-native-adTests" */;
			buildPhases = (
				685FF8A5B2FE192420A3A2C7 /* [CP] Check Pods Manifest.lock */,
				E94382CF1EEFFDE200606A99 /* Sources */,
				E94382D01EEFFDE200606A99 /* Frameworks */,
				E94382D11EEFFDE200606A99 /* Resources */,
				1D927721782EF9FDE9A7CB1F /* [CP] Embed Pods Frameworks */,
				86278E8BD021F13987FC0FC4 /* [CP] Copy Pods Resources */,
			);
			buildRules = (
			);
			dependencies = (
				E94382D51EEFFDE200606A99 /* PBXTargetDependency */,
			);
			name = "sample-hike-native-adTests";
			productName = "sample-hike-native-adTests";
			productReference = E94382D31EEFFDE200606A99 /* sample-hike-native-adTests.xctest */;
			productType = "com.apple.product-type.bundle.unit-test";
		};
		E94382DD1EEFFDE200606A99 /* sample-hike-native-adUITests */ = {
			isa = PBXNativeTarget;
			buildConfigurationList = E94382ED1EEFFDE200606A99 /* Build configuration list for PBXNativeTarget "sample-hike-native-adUITests" */;
			buildPhases = (
				A25CC63B9B659F041317FD03 /* [CP] Check Pods Manifest.lock */,
				E94382DA1EEFFDE200606A99 /* Sources */,
				E94382DB1EEFFDE200606A99 /* Frameworks */,
				E94382DC1EEFFDE200606A99 /* Resources */,
				C174A8C3F6604813F7E10079 /* [CP] Embed Pods Frameworks */,
				6269D34CB7C726CD522E2A63 /* [CP] Copy Pods Resources */,
			);
			buildRules = (
			);
			dependencies = (
				E94382E01EEFFDE200606A99 /* PBXTargetDependency */,
			);
			name = "sample-hike-native-adUITests";
			productName = "sample-hike-native-adUITests";
			productReference = E94382DE1EEFFDE200606A99 /* sample-hike-native-adUITests.xctest */;
			productType = "com.apple.product-type.bundle.ui-testing";
		};
/* End PBXNativeTarget section */

/* Begin PBXProject section */
		E94382B71EEFFDE200606A99 /* Project object */ = {
			isa = PBXProject;
			attributes = {
				LastSwiftUpdateCheck = 0830;
				LastUpgradeCheck = 0830;
				ORGANIZATIONNAME = "Akira Ohnishi";
				TargetAttributes = {
					E94382BE1EEFFDE200606A99 = {
						CreatedOnToolsVersion = 8.3.3;
						DevelopmentTeam = L9CVD8GGL4;
						ProvisioningStyle = Automatic;
					};
					E94382D21EEFFDE200606A99 = {
						CreatedOnToolsVersion = 8.3.3;
						DevelopmentTeam = L9CVD8GGL4;
						ProvisioningStyle = Automatic;
						TestTargetID = E94382BE1EEFFDE200606A99;
					};
					E94382DD1EEFFDE200606A99 = {
						CreatedOnToolsVersion = 8.3.3;
						DevelopmentTeam = L9CVD8GGL4;
						ProvisioningStyle = Automatic;
						TestTargetID = E94382BE1EEFFDE200606A99;
					};
				};
			};
			buildConfigurationList = E94382BA1EEFFDE200606A99 /* Build configuration list for PBXProject "sample-hike-native-ad" */;
			compatibilityVersion = "Xcode 3.2";
			developmentRegion = English;
			hasScannedForEncodings = 0;
			knownRegions = (
				en,
				Base,
			);
			mainGroup = E94382B61EEFFDE200606A99;
			productRefGroup = E94382C01EEFFDE200606A99 /* Products */;
			projectDirPath = "";
			projectRoot = "";
			targets = (
				E94382BE1EEFFDE200606A99 /* sample-hike-native-ad */,
				E94382D21EEFFDE200606A99 /* sample-hike-native-adTests */,
				E94382DD1EEFFDE200606A99 /* sample-hike-native-adUITests */,
			);
		};
/* End PBXProject section */

/* Begin PBXResourcesBuildPhase section */
		E94382BD1EEFFDE200606A99 /* Resources */ = {
			isa = PBXResourcesBuildPhase;
			buildActionMask = 2147483647;
			files = (
				E94382CD1EEFFDE200606A99 /* LaunchScreen.storyboard in Resources */,
				E94382CA1EEFFDE200606A99 /* Assets.xcassets in Resources */,
				E94382C81EEFFDE200606A99 /* Main.storyboard in Resources */,
			);
			runOnlyForDeploymentPostprocessing = 0;
		};
		E94382D11EEFFDE200606A99 /* Resources */ = {
			isa = PBXResourcesBuildPhase;
			buildActionMask = 2147483647;
			files = (
			);
			runOnlyForDeploymentPostprocessing = 0;
		};
		E94382DC1EEFFDE200606A99 /* Resources */ = {
			isa = PBXResourcesBuildPhase;
			buildActionMask = 2147483647;
			files = (
			);
			runOnlyForDeploymentPostprocessing = 0;
		};
/* End PBXResourcesBuildPhase section */

/* Begin PBXShellScriptBuildPhase section */
		1D927721782EF9FDE9A7CB1F /* [CP] Embed Pods Frameworks */ = {
			isa = PBXShellScriptBuildPhase;
			buildActionMask = 2147483647;
			files = (
			);
			inputPaths = (
			);
			name = "[CP] Embed Pods Frameworks";
			outputPaths = (
			);
			runOnlyForDeploymentPostprocessing = 0;
			shellPath = /bin/sh;
			shellScript = "\"${SRCROOT}/Pods/Target Support Files/Pods-sample-hike-native-adTests/Pods-sample-hike-native-adTests-frameworks.sh\"\n";
			showEnvVarsInLog = 0;
		};
		6269D34CB7C726CD522E2A63 /* [CP] Copy Pods Resources */ = {
			isa = PBXShellScriptBuildPhase;
			buildActionMask = 2147483647;
			files = (
			);
			inputPaths = (
			);
			name = "[CP] Copy Pods Resources";
			outputPaths = (
			);
			runOnlyForDeploymentPostprocessing = 0;
			shellPath = /bin/sh;
			shellScript = "\"${SRCROOT}/Pods/Target Support Files/Pods-sample-hike-native-adUITests/Pods-sample-hike-native-adUITests-resources.sh\"\n";
			showEnvVarsInLog = 0;
		};
		685FF8A5B2FE192420A3A2C7 /* [CP] Check Pods Manifest.lock */ = {
			isa = PBXShellScriptBuildPhase;
			buildActionMask = 2147483647;
			files = (
			);
			inputPaths = (
			);
			name = "[CP] Check Pods Manifest.lock";
			outputPaths = (
			);
			runOnlyForDeploymentPostprocessing = 0;
			shellPath = /bin/sh;
			shellScript = "diff \"${PODS_PODFILE_DIR_PATH}/Podfile.lock\" \"${PODS_ROOT}/Manifest.lock\" > /dev/null\nif [ $? != 0 ] ; then\n    # print error to STDERR\n    echo \"error: The sandbox is not in sync with the Podfile.lock. Run 'pod install' or update your CocoaPods installation.\" >&2\n    exit 1\nfi\n";
			showEnvVarsInLog = 0;
		};
		86278E8BD021F13987FC0FC4 /* [CP] Copy Pods Resources */ = {
			isa = PBXShellScriptBuildPhase;
			buildActionMask = 2147483647;
			files = (
			);
			inputPaths = (
			);
			name = "[CP] Copy Pods Resources";
			outputPaths = (
			);
			runOnlyForDeploymentPostprocessing = 0;
			shellPath = /bin/sh;
			shellScript = "\"${SRCROOT}/Pods/Target Support Files/Pods-sample-hike-native-adTests/Pods-sample-hike-native-adTests-resources.sh\"\n";
			showEnvVarsInLog = 0;
		};
		A25CC63B9B659F041317FD03 /* [CP] Check Pods Manifest.lock */ = {
			isa = PBXShellScriptBuildPhase;
			buildActionMask = 2147483647;
			files = (
			);
			inputPaths = (
			);
			name = "[CP] Check Pods Manifest.lock";
			outputPaths = (
			);
			runOnlyForDeploymentPostprocessing = 0;
			shellPath = /bin/sh;
			shellScript = "diff \"${PODS_PODFILE_DIR_PATH}/Podfile.lock\" \"${PODS_ROOT}/Manifest.lock\" > /dev/null\nif [ $? != 0 ] ; then\n    # print error to STDERR\n    echo \"error: The sandbox is not in sync with the Podfile.lock. Run 'pod install' or update your CocoaPods installation.\" >&2\n    exit 1\nfi\n";
			showEnvVarsInLog = 0;
		};
		AD441AF5B76195AFEA4A2275 /* [CP] Copy Pods Resources */ = {
			isa = PBXShellScriptBuildPhase;
			buildActionMask = 2147483647;
			files = (
			);
			inputPaths = (
			);
			name = "[CP] Copy Pods Resources";
			outputPaths = (
			);
			runOnlyForDeploymentPostprocessing = 0;
			shellPath = /bin/sh;
			shellScript = "\"${SRCROOT}/Pods/Target Support Files/Pods-sample-hike-native-ad/Pods-sample-hike-native-ad-resources.sh\"\n";
			showEnvVarsInLog = 0;
		};
		C174A8C3F6604813F7E10079 /* [CP] Embed Pods Frameworks */ = {
			isa = PBXShellScriptBuildPhase;
			buildActionMask = 2147483647;
			files = (
			);
			inputPaths = (
			);
			name = "[CP] Embed Pods Frameworks";
			outputPaths = (
			);
			runOnlyForDeploymentPostprocessing = 0;
			shellPath = /bin/sh;
			shellScript = "\"${SRCROOT}/Pods/Target Support Files/Pods-sample-hike-native-adUITests/Pods-sample-hike-native-adUITests-frameworks.sh\"\n";
			showEnvVarsInLog = 0;
		};
		C54F4DAB49E3C22A40F95A3F /* [CP] Check Pods Manifest.lock */ = {
			isa = PBXShellScriptBuildPhase;
			buildActionMask = 2147483647;
			files = (
			);
			inputPaths = (
			);
			name = "[CP] Check Pods Manifest.lock";
			outputPaths = (
			);
			runOnlyForDeploymentPostprocessing = 0;
			shellPath = /bin/sh;
			shellScript = "diff \"${PODS_PODFILE_DIR_PATH}/Podfile.lock\" \"${PODS_ROOT}/Manifest.lock\" > /dev/null\nif [ $? != 0 ] ; then\n    # print error to STDERR\n    echo \"error: The sandbox is not in sync with the Podfile.lock. Run 'pod install' or update your CocoaPods installation.\" >&2\n    exit 1\nfi\n";
			showEnvVarsInLog = 0;
		};
		E40F561D0D4E9C550F2C12C9 /* [CP] Embed Pods Frameworks */ = {
			isa = PBXShellScriptBuildPhase;
			buildActionMask = 2147483647;
			files = (
			);
			inputPaths = (
			);
			name = "[CP] Embed Pods Frameworks";
			outputPaths = (
			);
			runOnlyForDeploymentPostprocessing = 0;
			shellPath = /bin/sh;
			shellScript = "\"${SRCROOT}/Pods/Target Support Files/Pods-sample-hike-native-ad/Pods-sample-hike-native-ad-frameworks.sh\"\n";
			showEnvVarsInLog = 0;
		};
/* End PBXShellScriptBuildPhase section */

/* Begin PBXSourcesBuildPhase section */
		E94382BB1EEFFDE200606A99 /* Sources */ = {
			isa = PBXSourcesBuildPhase;
			buildActionMask = 2147483647;
			files = (
				E94382C51EEFFDE200606A99 /* ViewController.swift in Sources */,
				E94382C31EEFFDE200606A99 /* AppDelegate.swift in Sources */,
			);
			runOnlyForDeploymentPostprocessing = 0;
		};
		E94382CF1EEFFDE200606A99 /* Sources */ = {
			isa = PBXSourcesBuildPhase;
			buildActionMask = 2147483647;
			files = (
				E94382D81EEFFDE200606A99 /* sample_hike_native_adTests.swift in Sources */,
			);
			runOnlyForDeploymentPostprocessing = 0;
		};
		E94382DA1EEFFDE200606A99 /* Sources */ = {
			isa = PBXSourcesBuildPhase;
			buildActionMask = 2147483647;
			files = (
				E94382E31EEFFDE200606A99 /* sample_hike_native_adUITests.swift in Sources */,
			);
			runOnlyForDeploymentPostprocessing = 0;
		};
/* End PBXSourcesBuildPhase section */

/* Begin PBXTargetDependency section */
		E94382D51EEFFDE200606A99 /* PBXTargetDependency */ = {
			isa = PBXTargetDependency;
			target = E94382BE1EEFFDE200606A99 /* sample-hike-native-ad */;
			targetProxy = E94382D41EEFFDE200606A99 /* PBXContainerItemProxy */;
		};
		E94382E01EEFFDE200606A99 /* PBXTargetDependency */ = {
			isa = PBXTargetDependency;
			target = E94382BE1EEFFDE200606A99 /* sample-hike-native-ad */;
			targetProxy = E94382DF1EEFFDE200606A99 /* PBXContainerItemProxy */;
		};
/* End PBXTargetDependency section */

/* Begin PBXVariantGroup section */
		E94382C61EEFFDE200606A99 /* Main.storyboard */ = {
			isa = PBXVariantGroup;
			children = (
				E94382C71EEFFDE200606A99 /* Base */,
			);
			name = Main.storyboard;
			sourceTree = "<group>";
		};
		E94382CB1EEFFDE200606A99 /* LaunchScreen.storyboard */ = {
			isa = PBXVariantGroup;
			children = (
				E94382CC1EEFFDE200606A99 /* Base */,
			);
			name = LaunchScreen.storyboard;
			sourceTree = "<group>";
		};
/* End PBXVariantGroup section */

/* Begin XCBuildConfiguration section */
		E94382E51EEFFDE200606A99 /* Debug */ = {
			isa = XCBuildConfiguration;
			buildSettings = {
				ALWAYS_SEARCH_USER_PATHS = NO;
				CLANG_ANALYZER_NONNULL = YES;
				CLANG_ANALYZER_NUMBER_OBJECT_CONVERSION = YES_AGGRESSIVE;
				CLANG_CXX_LANGUAGE_STANDARD = "gnu++0x";
				CLANG_CXX_LIBRARY = "libc++";
				CLANG_ENABLE_MODULES = YES;
				CLANG_ENABLE_OBJC_ARC = YES;
				CLANG_WARN_BOOL_CONVERSION = YES;
				CLANG_WARN_CONSTANT_CONVERSION = YES;
				CLANG_WARN_DIRECT_OBJC_ISA_USAGE = YES_ERROR;
				CLANG_WARN_DOCUMENTATION_COMMENTS = YES;
				CLANG_WARN_EMPTY_BODY = YES;
				CLANG_WARN_ENUM_CONVERSION = YES;
				CLANG_WARN_INFINITE_RECURSION = YES;
				CLANG_WARN_INT_CONVERSION = YES;
				CLANG_WARN_OBJC_ROOT_CLASS = YES_ERROR;
				CLANG_WARN_SUSPICIOUS_MOVE = YES;
				CLANG_WARN_UNREACHABLE_CODE = YES;
				CLANG_WARN__DUPLICATE_METHOD_MATCH = YES;
				"CODE_SIGN_IDENTITY[sdk=iphoneos*]" = "iPhone Developer";
				COPY_PHASE_STRIP = NO;
				DEBUG_INFORMATION_FORMAT = dwarf;
				ENABLE_STRICT_OBJC_MSGSEND = YES;
				ENABLE_TESTABILITY = YES;
				GCC_C_LANGUAGE_STANDARD = gnu99;
				GCC_DYNAMIC_NO_PIC = NO;
				GCC_NO_COMMON_BLOCKS = YES;
				GCC_OPTIMIZATION_LEVEL = 0;
				GCC_PREPROCESSOR_DEFINITIONS = (
					"DEBUG=1",
					"$(inherited)",
				);
				GCC_WARN_64_TO_32_BIT_CONVERSION = YES;
				GCC_WARN_ABOUT_RETURN_TYPE = YES_ERROR;
				GCC_WARN_UNDECLARED_SELECTOR = YES;
				GCC_WARN_UNINITIALIZED_AUTOS = YES_AGGRESSIVE;
				GCC_WARN_UNUSED_FUNCTION = YES;
				GCC_WARN_UNUSED_VARIABLE = YES;
				IPHONEOS_DEPLOYMENT_TARGET = 10.3;
				MTL_ENABLE_DEBUG_INFO = YES;
				ONLY_ACTIVE_ARCH = YES;
				SDKROOT = iphoneos;
				SWIFT_ACTIVE_COMPILATION_CONDITIONS = DEBUG;
				SWIFT_OPTIMIZATION_LEVEL = "-Onone";
				TARGETED_DEVICE_FAMILY = "1,2";
			};
			name = Debug;
		};
		E94382E61EEFFDE200606A99 /* Release */ = {
			isa = XCBuildConfiguration;
			buildSettings = {
				ALWAYS_SEARCH_USER_PATHS = NO;
				CLANG_ANALYZER_NONNULL = YES;
				CLANG_ANALYZER_NUMBER_OBJECT_CONVERSION = YES_AGGRESSIVE;
				CLANG_CXX_LANGUAGE_STANDARD = "gnu++0x";
				CLANG_CXX_LIBRARY = "libc++";
				CLANG_ENABLE_MODULES = YES;
				CLANG_ENABLE_OBJC_ARC = YES;
				CLANG_WARN_BOOL_CONVERSION = YES;
				CLANG_WARN_CONSTANT_CONVERSION = YES;
				CLANG_WARN_DIRECT_OBJC_ISA_USAGE = YES_ERROR;
				CLANG_WARN_DOCUMENTATION_COMMENTS = YES;
				CLANG_WARN_EMPTY_BODY = YES;
				CLANG_WARN_ENUM_CONVERSION = YES;
				CLANG_WARN_INFINITE_RECURSION = YES;
				CLANG_WARN_INT_CONVERSION = YES;
				CLANG_WARN_OBJC_ROOT_CLASS = YES_ERROR;
				CLANG_WARN_SUSPICIOUS_MOVE = YES;
				CLANG_WARN_UNREACHABLE_CODE = YES;
				CLANG_WARN__DUPLICATE_METHOD_MATCH = YES;
				"CODE_SIGN_IDENTITY[sdk=iphoneos*]" = "iPhone Developer";
				COPY_PHASE_STRIP = NO;
				DEBUG_INFORMATION_FORMAT = "dwarf-with-dsym";
				ENABLE_NS_ASSERTIONS = NO;
				ENABLE_STRICT_OBJC_MSGSEND = YES;
				GCC_C_LANGUAGE_STANDARD = gnu99;
				GCC_NO_COMMON_BLOCKS = YES;
				GCC_WARN_64_TO_32_BIT_CONVERSION = YES;
				GCC_WARN_ABOUT_RETURN_TYPE = YES_ERROR;
				GCC_WARN_UNDECLARED_SELECTOR = YES;
				GCC_WARN_UNINITIALIZED_AUTOS = YES_AGGRESSIVE;
				GCC_WARN_UNUSED_FUNCTION = YES;
				GCC_WARN_UNUSED_VARIABLE = YES;
				IPHONEOS_DEPLOYMENT_TARGET = 10.3;
				MTL_ENABLE_DEBUG_INFO = NO;
				SDKROOT = iphoneos;
				SWIFT_OPTIMIZATION_LEVEL = "-Owholemodule";
				TARGETED_DEVICE_FAMILY = "1,2";
				VALIDATE_PRODUCT = YES;
			};
			name = Release;
		};
		E94382E81EEFFDE200606A99 /* Debug */ = {
			isa = XCBuildConfiguration;
			baseConfigurationReference = 3416B5F2FE6529465DDBAC91 /* Pods-sample-hike-native-ad.debug.xcconfig */;
			buildSettings = {
				ASSETCATALOG_COMPILER_APPICON_NAME = AppIcon;
				DEVELOPMENT_TEAM = L9CVD8GGL4;
				INFOPLIST_FILE = "sample-hike-native-ad/Info.plist";
				LD_RUNPATH_SEARCH_PATHS = "$(inherited) @executable_path/Frameworks";
				PRODUCT_BUNDLE_IDENTIFIER = "net.oh24.sample-hike-native-ad";
				PRODUCT_NAME = "$(TARGET_NAME)";
				SWIFT_OBJC_BRIDGING_HEADER = "$(SRCROOT)/$(PRODUCT)/Bridging-Header.h";
				SWIFT_VERSION = 3.0;
			};
			name = Debug;
		};
		E94382E91EEFFDE200606A99 /* Release */ = {
			isa = XCBuildConfiguration;
			baseConfigurationReference = 6E5BA2D32E76731442BDE074 /* Pods-sample-hike-native-ad.release.xcconfig */;
			buildSettings = {
				ASSETCATALOG_COMPILER_APPICON_NAME = AppIcon;
				DEVELOPMENT_TEAM = L9CVD8GGL4;
				INFOPLIST_FILE = "sample-hike-native-ad/Info.plist";
				LD_RUNPATH_SEARCH_PATHS = "$(inherited) @executable_path/Frameworks";
				PRODUCT_BUNDLE_IDENTIFIER = "net.oh24.sample-hike-native-ad";
				PRODUCT_NAME = "$(TARGET_NAME)";
				SWIFT_OBJC_BRIDGING_HEADER = "$(SRCROOT)/$(PRODUCT)/Bridging-Header.h";
				SWIFT_VERSION = 3.0;
			};
			name = Release;
		};
		E94382EB1EEFFDE200606A99 /* Debug */ = {
			isa = XCBuildConfiguration;
			baseConfigurationReference = 7F359F033ED9A5EC87C1ACFD /* Pods-sample-hike-native-adTests.debug.xcconfig */;
			buildSettings = {
				ALWAYS_EMBED_SWIFT_STANDARD_LIBRARIES = YES;
				BUNDLE_LOADER = "$(TEST_HOST)";
				DEVELOPMENT_TEAM = L9CVD8GGL4;
				INFOPLIST_FILE = "sample-hike-native-adTests/Info.plist";
				LD_RUNPATH_SEARCH_PATHS = "$(inherited) @executable_path/Frameworks @loader_path/Frameworks";
				PRODUCT_BUNDLE_IDENTIFIER = "net.oh24.sample-hike-native-adTests";
				PRODUCT_NAME = "$(TARGET_NAME)";
				SWIFT_VERSION = 3.0;
				TEST_HOST = "$(BUILT_PRODUCTS_DIR)/sample-hike-native-ad.app/sample-hike-native-ad";
			};
			name = Debug;
		};
		E94382EC1EEFFDE200606A99 /* Release */ = {
			isa = XCBuildConfiguration;
			baseConfigurationReference = BEFDC7A605863D7DBF90F604 /* Pods-sample-hike-native-adTests.release.xcconfig */;
			buildSettings = {
				ALWAYS_EMBED_SWIFT_STANDARD_LIBRARIES = YES;
				BUNDLE_LOADER = "$(TEST_HOST)";
				DEVELOPMENT_TEAM = L9CVD8GGL4;
				INFOPLIST_FILE = "sample-hike-native-adTests/Info.plist";
				LD_RUNPATH_SEARCH_PATHS = "$(inherited) @executable_path/Frameworks @loader_path/Frameworks";
				PRODUCT_BUNDLE_IDENTIFIER = "net.oh24.sample-hike-native-adTests";
				PRODUCT_NAME = "$(TARGET_NAME)";
				SWIFT_VERSION = 3.0;
				TEST_HOST = "$(BUILT_PRODUCTS_DIR)/sample-hike-native-ad.app/sample-hike-native-ad";
			};
			name = Release;
		};
		E94382EE1EEFFDE200606A99 /* Debug */ = {
			isa = XCBuildConfiguration;
			baseConfigurationReference = 586400478D9471C78890C4A1 /* Pods-sample-hike-native-adUITests.debug.xcconfig */;
			buildSettings = {
				ALWAYS_EMBED_SWIFT_STANDARD_LIBRARIES = YES;
				DEVELOPMENT_TEAM = L9CVD8GGL4;
				INFOPLIST_FILE = "sample-hike-native-adUITests/Info.plist";
				LD_RUNPATH_SEARCH_PATHS = "$(inherited) @executable_path/Frameworks @loader_path/Frameworks";
				PRODUCT_BUNDLE_IDENTIFIER = "net.oh24.sample-hike-native-adUITests";
				PRODUCT_NAME = "$(TARGET_NAME)";
				SWIFT_VERSION = 3.0;
				TEST_TARGET_NAME = "sample-hike-native-ad";
			};
			name = Debug;
		};
		E94382EF1EEFFDE200606A99 /* Release */ = {
			isa = XCBuildConfiguration;
			baseConfigurationReference = 06057D82803F6631F0B2A45E /* Pods-sample-hike-native-adUITests.release.xcconfig */;
			buildSettings = {
				ALWAYS_EMBED_SWIFT_STANDARD_LIBRARIES = YES;
				DEVELOPMENT_TEAM = L9CVD8GGL4;
				INFOPLIST_FILE = "sample-hike-native-adUITests/Info.plist";
				LD_RUNPATH_SEARCH_PATHS = "$(inherited) @executable_path/Frameworks @loader_path/Frameworks";
				PRODUCT_BUNDLE_IDENTIFIER = "net.oh24.sample-hike-native-adUITests";
				PRODUCT_NAME = "$(TARGET_NAME)";
				SWIFT_VERSION = 3.0;
				TEST_TARGET_NAME = "sample-hike-native-ad";
			};
			name = Release;
		};
/* End XCBuildConfiguration section */

/* Begin XCConfigurationList section */
		E94382BA1EEFFDE200606A99 /* Build configuration list for PBXProject "sample-hike-native-ad" */ = {
			isa = XCConfigurationList;
			buildConfigurations = (
				E94382E51EEFFDE200606A99 /* Debug */,
				E94382E61EEFFDE200606A99 /* Release */,
			);
			defaultConfigurationIsVisible = 0;
			defaultConfigurationName = Release;
		};
		E94382E71EEFFDE200606A99 /* Build configuration list for PBXNativeTarget "sample-hike-native-ad" */ = {
			isa = XCConfigurationList;
			buildConfigurations = (
				E94382E81EEFFDE200606A99 /* Debug */,
				E94382E91EEFFDE200606A99 /* Release */,
			);
			defaultConfigurationIsVisible = 0;
			defaultConfigurationName = Release;
		};
		E94382EA1EEFFDE200606A99 /* Build configuration list for PBXNativeTarget "sample-hike-native-adTests" */ = {
			isa = XCConfigurationList;
			buildConfigurations = (
				E94382EB1EEFFDE200606A99 /* Debug */,
				E94382EC1EEFFDE200606A99 /* Release */,
			);
			defaultConfigurationIsVisible = 0;
			defaultConfigurationName = Release;
		};
		E94382ED1EEFFDE200606A99 /* Build configuration list for PBXNativeTarget "sample-hike-native-adUITests" */ = {
			isa = XCConfigurationList;
			buildConfigurations = (
				E94382EE1EEFFDE200606A99 /* Debug */,
				E94382EF1EEFFDE200606A99 /* Release */,
			);
			defaultConfigurationIsVisible = 0;
			defaultConfigurationName = Release;
		};
/* End XCConfigurationList section */
	};
	rootObject = E94382B71EEFFDE200606A99 /* Project object */;
}
